
Microsoft Visual Studio Solution File, Format Version 12.00
# Visual Studio Version 16
VisualStudioVersion = 16.0.31005.135
MinimumVisualStudioVersion = 10.0.40219.1
Project("{FAE04EC0-301F-11D3-BF4B-00C04F79EFBC}") = "edge-db", "src\edge-db.csproj", "{C64EE1C0-8A26-426E-B955-B46BC6C13055}"
EndProject
Project("{FAE04EC0-301F-11D3-BF4B-00C04F79EFBC}") = "unit", "unit\unit.csproj", "{85FF7757-CBC5-4F90-8F64-3DCA35C4866A}"
EndProject
Global
	GlobalSection(SolutionConfigurationPlatforms) = preSolution
		core|Any CPU = core|Any CPU
		Debug|Any CPU = Debug|Any CPU
		mono|Any CPU = mono|Any CPU
		Release|Any CPU = Release|Any CPU
	EndGlobalSection
	GlobalSection(ProjectConfigurationPlatforms) = postSolution
		{C64EE1C0-8A26-426E-B955-B46BC6C13055}.core|Any CPU.ActiveCfg = Debug|Any CPU
		{C64EE1C0-8A26-426E-B955-B46BC6C13055}.core|Any CPU.Build.0 = Debug|Any CPU
		{C64EE1C0-8A26-426E-B955-B46BC6C13055}.Debug|Any CPU.ActiveCfg = Debug|Any CPU
		{C64EE1C0-8A26-426E-B955-B46BC6C13055}.Debug|Any CPU.Build.0 = Debug|Any CPU
		{C64EE1C0-8A26-426E-B955-B46BC6C13055}.mono|Any CPU.ActiveCfg = mono|Any CPU
		{C64EE1C0-8A26-426E-B955-B46BC6C13055}.mono|Any CPU.Build.0 = mono|Any CPU
		{C64EE1C0-8A26-426E-B955-B46BC6C13055}.Release|Any CPU.ActiveCfg = Release|Any CPU
		{C64EE1C0-8A26-426E-B955-B46BC6C13055}.Release|Any CPU.Build.0 = Release|Any CPU
		{85FF7757-CBC5-4F90-8F64-3DCA35C4866A}.core|Any CPU.ActiveCfg = Debug|Any CPU
		{85FF7757-CBC5-4F90-8F64-3DCA35C4866A}.core|Any CPU.Build.0 = Debug|Any CPU
		{85FF7757-CBC5-4F90-8F64-3DCA35C4866A}.Debug|Any CPU.ActiveCfg = Debug|Any CPU
		{85FF7757-CBC5-4F90-8F64-3DCA35C4866A}.Debug|Any CPU.Build.0 = Debug|Any CPU
		{85FF7757-CBC5-4F90-8F64-3DCA35C4866A}.mono|Any CPU.ActiveCfg = Debug|Any CPU
		{85FF7757-CBC5-4F90-8F64-3DCA35C4866A}.mono|Any CPU.Build.0 = Debug|Any CPU
		{85FF7757-CBC5-4F90-8F64-3DCA35C4866A}.Release|Any CPU.ActiveCfg = Release|Any CPU
		{85FF7757-CBC5-4F90-8F64-3DCA35C4866A}.Release|Any CPU.Build.0 = Release|Any CPU
	EndGlobalSection
	GlobalSection(SolutionProperties) = preSolution
		HideSolutionNode = FALSE
	EndGlobalSection
	GlobalSection(ExtensibilityGlobals) = postSolution
		SolutionGuid = {874EC1F9-F72A-4D5A-9D9F-FF113F5E1884}
		VisualSVNWorkingCopyRoot = .
	EndGlobalSection
EndGlobal